Microsoft Visual Studio Solution File, Format Version 11.00
# Visual Studio 2008

Project("{730D4778-F2AE-DB29-A102-D98066F1BF4A}") = "tx_electricityXUvaHung", "Assembly-CSharp.csproj", "{9E4B2354-7EF0-DFCC-8356-8813381FA7B0}"
EndProject
Project("{730D4778-F2AE-DB29-A102-D98066F1BF4A}") = "tx_electricityXUvaHung", "Assembly-CSharp-Editor.csproj", "{F582EC09-79E9-BFDA-8497-D7D498BA0491}"
EndProject
Global
	GlobalSection(SolutionConfigurationPlatforms) = preSolution
		Debug|Any CPU = Debug|Any CPU
		Release|Any CPU = Release|Any CPU
	EndGlobalSection
	GlobalSection(ProjectConfigurationPlatforms) = postSolution
		{9E4B2354-7EF0-DFCC-8356-8813381FA7B0}.Debug|Any CPU.ActiveCfg = Debug|Any CPU
		{9E4B2354-7EF0-DFCC-8356-8813381FA7B0}.Debug|Any CPU.Build.0 = Debug|Any CPU
		{9E4B2354-7EF0-DFCC-8356-8813381FA7B0}.Release|Any CPU.ActiveCfg = Release|Any CPU
		{9E4B2354-7EF0-DFCC-8356-8813381FA7B0}.Release|Any CPU.Build.0 = Release|Any CPU
		{F582EC09-79E9-BFDA-8497-D7D498BA0491}.Debug|Any CPU.ActiveCfg = Debug|Any CPU
		{F582EC09-79E9-BFDA-8497-D7D498BA0491}.Debug|Any CPU.Build.0 = Debug|Any CPU
		{F582EC09-79E9-BFDA-8497-D7D498BA0491}.Release|Any CPU.ActiveCfg = Release|Any CPU
		{F582EC09-79E9-BFDA-8497-D7D498BA0491}.Release|Any CPU.Build.0 = Release|Any CPU
	EndGlobalSection
	GlobalSection(SolutionProperties) = preSolution
		HideSolutionNode = FALSE
	EndGlobalSection
	GlobalSection(MonoDevelopProperties) = preSolution
		StartupItem = Assembly-CSharp.csproj
	EndGlobalSection
EndGlobal
