Microsoft Visual Studio Solution File, Format Version 11.00
# Visual Studio 2008

Project("{265B7F93-EF67-B2B8-05EF-C61E44315EEB}") = "tx_working_finale", "Assembly-CSharp.csproj", "{C230A786-1F6C-EF5D-EFED-36F6C02C39C4}"
EndProject
Project("{265B7F93-EF67-B2B8-05EF-C61E44315EEB}") = "tx_working_finale", "Assembly-CSharp-Editor.csproj", "{ABF71143-4248-06A0-C347-1D1A97A7B199}"
EndProject
Global
	GlobalSection(SolutionConfigurationPlatforms) = preSolution
		Debug|Any CPU = Debug|Any CPU
		Release|Any CPU = Release|Any CPU
	EndGlobalSection
	GlobalSection(ProjectConfigurationPlatforms) = postSolution
		{C230A786-1F6C-EF5D-EFED-36F6C02C39C4}.Debug|Any CPU.ActiveCfg = Debug|Any CPU
		{C230A786-1F6C-EF5D-EFED-36F6C02C39C4}.Debug|Any CPU.Build.0 = Debug|Any CPU
		{C230A786-1F6C-EF5D-EFED-36F6C02C39C4}.Release|Any CPU.ActiveCfg = Release|Any CPU
		{C230A786-1F6C-EF5D-EFED-36F6C02C39C4}.Release|Any CPU.Build.0 = Release|Any CPU
		{ABF71143-4248-06A0-C347-1D1A97A7B199}.Debug|Any CPU.ActiveCfg = Debug|Any CPU
		{ABF71143-4248-06A0-C347-1D1A97A7B199}.Debug|Any CPU.Build.0 = Debug|Any CPU
		{ABF71143-4248-06A0-C347-1D1A97A7B199}.Release|Any CPU.ActiveCfg = Release|Any CPU
		{ABF71143-4248-06A0-C347-1D1A97A7B199}.Release|Any CPU.Build.0 = Release|Any CPU
	EndGlobalSection
	GlobalSection(SolutionProperties) = preSolution
		HideSolutionNode = FALSE
	EndGlobalSection
	GlobalSection(MonoDevelopProperties) = preSolution
		StartupItem = Assembly-CSharp.csproj
	EndGlobalSection
EndGlobal
